{
  "version": 4,
  "terraform_version": "1.8.5",
  "serial": 395,
  "lineage": "7bf2e47e-96f4-fde0-8565-e93974d238c3",
  "outputs": {},
  "resources": [
    {
      "module": "module.Key-volt",
      "mode": "data",
      "type": "azurerm_client_config",
      "name": "current",
      "provider": "provider[\"registry.terraform.io/hashicorp/azurerm\"]",
      "instances": [
        {
          "schema_version": 0,
          "attributes": {
            "client_id": "04b07795-8ddb-461a-bbee-02f9e1bf7b46",
            "id": "Y2xpZW50Q29uZmlncy9jbGllbnRJZD0wNGIwNzc5NS04ZGRiLTQ2MWEtYmJlZS0wMmY5ZTFiZjdiNDY7b2JqZWN0SWQ9ZTdmNGFhOTctNWEyOS00NjE0LWFlMzUtMmQyZjRlOTQ0ZDQ0O3N1YnNjcmlwdGlvbklkPWIxNjRiZmJhLTk4YzMtNGM5NC04MmVlLWIwYzM4ZmY5OTNlNjt0ZW5hbnRJZD00ZmY2OGQ2NS1mMDkxLTRkZGYtYTUzZC0wMmFmMTRjOTgxMjk=",
            "object_id": "e7f4aa97-5a29-4614-ae35-2d2f4e944d44",
            "subscription_id": "b164bfba-98c3-4c94-82ee-b0c38ff993e6",
            "tenant_id": "4ff68d65-f091-4ddf-a53d-02af14c98129",
            "timeouts": null
          },
          "sensitive_attributes": []
        }
      ]
    },
    {
      "module": "module.Key-volt",
      "mode": "managed",
      "type": "azurerm_key_vault",
      "name": "keyvolt",
      "provider": "provider[\"registry.terraform.io/hashicorp/azurerm\"]",
      "instances": [
        {
          "index_key": "bas-keybolt1",
          "schema_version": 2,
          "attributes": {
            "access_policy": [
              {
                "application_id": "",
                "certificate_permissions": null,
                "key_permissions": [
                  "Get",
                  "List",
                  "Backup",
                  "Create",
                  "Restore",
                  "Update",
                  "Import",
                  "Delete",
                  "Recover",
                  "Purge"
                ],
                "object_id": "e7f4aa97-5a29-4614-ae35-2d2f4e944d44",
                "secret_permissions": [
                  "Get",
                  "List",
                  "Backup",
                  "Restore",
                  "Set",
                  "Delete",
                  "Recover",
                  "Purge"
                ],
                "storage_permissions": [
                  "Get",
                  "List",
                  "Backup",
                  "Restore",
                  "Set",
                  "Delete",
                  "Recover",
                  "Update",
                  "Purge"
                ],
                "tenant_id": "4ff68d65-f091-4ddf-a53d-02af14c98129"
              }
            ],
            "contact": [],
            "enable_rbac_authorization": false,
            "enabled_for_deployment": false,
            "enabled_for_disk_encryption": true,
            "enabled_for_template_deployment": false,
            "id": "/subscriptions/b164bfba-98c3-4c94-82ee-b0c38ff993e6/resourceGroups/Develectric-RG/providers/Microsoft.KeyVault/vaults/baskeyvoltum",
            "location": "westus2",
            "name": "baskeyvoltum",
            "network_acls": [
              {
                "bypass": "AzureServices",
                "default_action": "Allow",
                "ip_rules": [],
                "virtual_network_subnet_ids": []
              }
            ],
            "public_network_access_enabled": true,
            "purge_protection_enabled": false,
            "resource_group_name": "Develectric-RG",
            "sku_name": "standard",
            "soft_delete_retention_days": 7,
            "tags": null,
            "tenant_id": "4ff68d65-f091-4ddf-a53d-02af14c98129",
            "timeouts": null,
            "vault_uri": "https://baskeyvoltum.vault.azure.net/"
          },
          "sensitive_attributes": [],
          "private": "eyJlMmJmYjczMC1lY2FhLTExZTYtOGY4OC0zNDM2M2JjN2M0YzAiOnsiY3JlYXRlIjoxODAwMDAwMDAwMDAwLCJkZWxldGUiOjE4MDAwMDAwMDAwMDAsInJlYWQiOjMwMDAwMDAwMDAwMCwidXBkYXRlIjoxODAwMDAwMDAwMDAwfSwic2NoZW1hX3ZlcnNpb24iOiIyIn0=",
          "dependencies": [
            "module.Key-volt.data.azurerm_client_config.current",
            "module.Nic-module.azurerm_network_interface.NIC-VM",
            "module.Nic-module.data.azurerm_subnet.datasubnet",
            "module.Subnet-module.azurerm_subnet.sub-vm",
            "module.VNet-module.azurerm_virtual_network.vm-Vnet",
            "module.rg-module.azurerm_resource_group.RG-VM"
          ]
        }
      ]
    },
    {
      "module": "module.Key-volt",
      "mode": "managed",
      "type": "azurerm_key_vault_secret",
      "name": "key-password",
      "provider": "provider[\"registry.terraform.io/hashicorp/azurerm\"]",
      "instances": [
        {
          "index_key": "bas-keybolt1",
          "schema_version": 0,
          "attributes": {
            "content_type": "",
            "expiration_date": null,
            "id": "https://baskeyvoltum.vault.azure.net/secrets/user-password/b699af61a5514273949fe620df075f62",
            "key_vault_id": "/subscriptions/b164bfba-98c3-4c94-82ee-b0c38ff993e6/resourceGroups/Develectric-RG/providers/Microsoft.KeyVault/vaults/baskeyvoltum",
            "name": "user-password",
            "not_before_date": null,
            "resource_id": "/subscriptions/b164bfba-98c3-4c94-82ee-b0c38ff993e6/resourceGroups/Develectric-RG/providers/Microsoft.KeyVault/vaults/baskeyvoltum/secrets/user-password/versions/b699af61a5514273949fe620df075f62",
            "resource_versionless_id": "/subscriptions/b164bfba-98c3-4c94-82ee-b0c38ff993e6/resourceGroups/Develectric-RG/providers/Microsoft.KeyVault/vaults/baskeyvoltum/secrets/user-password",
            "tags": null,
            "timeouts": null,
            "value": "Az@12345",
            "version": "b699af61a5514273949fe620df075f62",
            "versionless_id": "https://baskeyvoltum.vault.azure.net/secrets/user-password"
          },
          "sensitive_attributes": [
            [
              {
                "type": "get_attr",
                "value": "value"
              }
            ]
          ],
          "private": "eyJlMmJmYjczMC1lY2FhLTExZTYtOGY4OC0zNDM2M2JjN2M0YzAiOnsiY3JlYXRlIjoxODAwMDAwMDAwMDAwLCJkZWxldGUiOjE4MDAwMDAwMDAwMDAsInJlYWQiOjE4MDAwMDAwMDAwMDAsInVwZGF0ZSI6MTgwMDAwMDAwMDAwMH19",
          "dependencies": [
            "module.Key-volt.azurerm_key_vault.keyvolt",
            "module.Key-volt.data.azurerm_client_config.current",
            "module.Nic-module.azurerm_network_interface.NIC-VM",
            "module.Nic-module.data.azurerm_subnet.datasubnet",
            "module.Subnet-module.azurerm_subnet.sub-vm",
            "module.VNet-module.azurerm_virtual_network.vm-Vnet",
            "module.rg-module.azurerm_resource_group.RG-VM"
          ]
        }
      ]
    },
    {
      "module": "module.Key-volt",
      "mode": "managed",
      "type": "azurerm_key_vault_secret",
      "name": "key-user",
      "provider": "provider[\"registry.terraform.io/hashicorp/azurerm\"]",
      "instances": [
        {
          "index_key": "bas-keybolt1",
          "schema_version": 0,
          "attributes": {
            "content_type": "",
            "expiration_date": null,
            "id": "https://baskeyvoltum.vault.azure.net/secrets/uservm1/79479d90fc9b4943b60628f0d7ac8d99",
            "key_vault_id": "/subscriptions/b164bfba-98c3-4c94-82ee-b0c38ff993e6/resourceGroups/Develectric-RG/providers/Microsoft.KeyVault/vaults/baskeyvoltum",
            "name": "uservm1",
            "not_before_date": null,
            "resource_id": "/subscriptions/b164bfba-98c3-4c94-82ee-b0c38ff993e6/resourceGroups/Develectric-RG/providers/Microsoft.KeyVault/vaults/baskeyvoltum/secrets/uservm1/versions/79479d90fc9b4943b60628f0d7ac8d99",
            "resource_versionless_id": "/subscriptions/b164bfba-98c3-4c94-82ee-b0c38ff993e6/resourceGroups/Develectric-RG/providers/Microsoft.KeyVault/vaults/baskeyvoltum/secrets/uservm1",
            "tags": null,
            "timeouts": null,
            "value": "azvmuserv1",
            "version": "79479d90fc9b4943b60628f0d7ac8d99",
            "versionless_id": "https://baskeyvoltum.vault.azure.net/secrets/uservm1"
          },
          "sensitive_attributes": [
            [
              {
                "type": "get_attr",
                "value": "value"
              }
            ]
          ],
          "private": "eyJlMmJmYjczMC1lY2FhLTExZTYtOGY4OC0zNDM2M2JjN2M0YzAiOnsiY3JlYXRlIjoxODAwMDAwMDAwMDAwLCJkZWxldGUiOjE4MDAwMDAwMDAwMDAsInJlYWQiOjE4MDAwMDAwMDAwMDAsInVwZGF0ZSI6MTgwMDAwMDAwMDAwMH19",
          "dependencies": [
            "module.Key-volt.azurerm_key_vault.keyvolt",
            "module.Key-volt.data.azurerm_client_config.current",
            "module.Nic-module.azurerm_network_interface.NIC-VM",
            "module.Nic-module.data.azurerm_subnet.datasubnet",
            "module.Subnet-module.azurerm_subnet.sub-vm",
            "module.VNet-module.azurerm_virtual_network.vm-Vnet",
            "module.rg-module.azurerm_resource_group.RG-VM"
          ]
        }
      ]
    },
    {
      "module": "module.Nic-module",
      "mode": "data",
      "type": "azurerm_subnet",
      "name": "datasubnet",
      "provider": "provider[\"registry.terraform.io/hashicorp/azurerm\"]",
      "instances": [
        {
          "index_key": "VM1",
          "schema_version": 0,
          "attributes": {
            "address_prefix": "10.0.1.0/24",
            "address_prefixes": [
              "10.0.1.0/24"
            ],
            "default_outbound_access_enabled": true,
            "enforce_private_link_endpoint_network_policies": false,
            "enforce_private_link_service_network_policies": false,
            "id": "/subscriptions/b164bfba-98c3-4c94-82ee-b0c38ff993e6/resourceGroups/Develectric-RG/providers/Microsoft.Network/virtualNetworks/Develectric-VNet/subnets/Develectric-frontsubnet",
            "name": "Develectric-frontsubnet",
            "network_security_group_id": "",
            "private_endpoint_network_policies": "Enabled",
            "private_endpoint_network_policies_enabled": true,
            "private_link_service_network_policies_enabled": true,
            "resource_group_name": "Develectric-RG",
            "route_table_id": "",
            "service_endpoints": [],
            "timeouts": null,
            "virtual_network_name": "Develectric-VNet"
          },
          "sensitive_attributes": []
        },
        {
          "index_key": "VM2",
          "schema_version": 0,
          "attributes": {
            "address_prefix": "10.0.2.0/24",
            "address_prefixes": [
              "10.0.2.0/24"
            ],
            "default_outbound_access_enabled": true,
            "enforce_private_link_endpoint_network_policies": false,
            "enforce_private_link_service_network_policies": false,
            "id": "/subscriptions/b164bfba-98c3-4c94-82ee-b0c38ff993e6/resourceGroups/Develectric-RG/providers/Microsoft.Network/virtualNetworks/Develectric-VNet/subnets/Develectric-backendsubnet",
            "name": "Develectric-backendsubnet",
            "network_security_group_id": "",
            "private_endpoint_network_policies": "Enabled",
            "private_endpoint_network_policies_enabled": true,
            "private_link_service_network_policies_enabled": true,
            "resource_group_name": "Develectric-RG",
            "route_table_id": "",
            "service_endpoints": [],
            "timeouts": null,
            "virtual_network_name": "Develectric-VNet"
          },
          "sensitive_attributes": []
        }
      ]
    },
    {
      "module": "module.Nic-module",
      "mode": "managed",
      "type": "azurerm_network_interface",
      "name": "NIC-VM",
      "provider": "provider[\"registry.terraform.io/hashicorp/azurerm\"]",
      "instances": [
        {
          "index_key": "VM1",
          "schema_version": 0,
          "attributes": {
            "accelerated_networking_enabled": false,
            "applied_dns_servers": [],
            "auxiliary_mode": "",
            "auxiliary_sku": "",
            "dns_servers": [],
            "edge_zone": "",
            "enable_accelerated_networking": false,
            "enable_ip_forwarding": false,
            "id": "/subscriptions/b164bfba-98c3-4c94-82ee-b0c38ff993e6/resourceGroups/Develectric-RG/providers/Microsoft.Network/networkInterfaces/Develectric-NIC1",
            "internal_dns_name_label": "",
            "internal_domain_name_suffix": "dix3ptdkacleta4mz43wrncuwa.xx.internal.cloudapp.net",
            "ip_configuration": [
              {
                "gateway_load_balancer_frontend_ip_configuration_id": "",
                "name": "internal",
                "primary": true,
                "private_ip_address": "10.0.1.4",
                "private_ip_address_allocation": "Dynamic",
                "private_ip_address_version": "IPv4",
                "public_ip_address_id": "",
                "subnet_id": "/subscriptions/b164bfba-98c3-4c94-82ee-b0c38ff993e6/resourceGroups/Develectric-RG/providers/Microsoft.Network/virtualNetworks/Develectric-VNet/subnets/Develectric-frontsubnet"
              }
            ],
            "ip_forwarding_enabled": false,
            "location": "westus2",
            "mac_address": "",
            "name": "Develectric-NIC1",
            "private_ip_address": "10.0.1.4",
            "private_ip_addresses": [
              "10.0.1.4"
            ],
            "resource_group_name": "Develectric-RG",
            "tags": null,
            "timeouts": null,
            "virtual_machine_id": ""
          },
          "sensitive_attributes": [],
          "private": "eyJlMmJmYjczMC1lY2FhLTExZTYtOGY4OC0zNDM2M2JjN2M0YzAiOnsiY3JlYXRlIjoxODAwMDAwMDAwMDAwLCJkZWxldGUiOjE4MDAwMDAwMDAwMDAsInJlYWQiOjMwMDAwMDAwMDAwMCwidXBkYXRlIjoxODAwMDAwMDAwMDAwfX0=",
          "dependencies": [
            "module.Nic-module.data.azurerm_subnet.datasubnet",
            "module.Subnet-module.azurerm_subnet.sub-vm",
            "module.VNet-module.azurerm_virtual_network.vm-Vnet",
            "module.rg-module.azurerm_resource_group.RG-VM"
          ]
        },
        {
          "index_key": "VM2",
          "schema_version": 0,
          "attributes": {
            "accelerated_networking_enabled": false,
            "applied_dns_servers": [],
            "auxiliary_mode": "",
            "auxiliary_sku": "",
            "dns_servers": [],
            "edge_zone": "",
            "enable_accelerated_networking": false,
            "enable_ip_forwarding": false,
            "id": "/subscriptions/b164bfba-98c3-4c94-82ee-b0c38ff993e6/resourceGroups/Develectric-RG/providers/Microsoft.Network/networkInterfaces/Develectric-NIC2",
            "internal_dns_name_label": "",
            "internal_domain_name_suffix": "dix3ptdkacleta4mz43wrncuwa.xx.internal.cloudapp.net",
            "ip_configuration": [
              {
                "gateway_load_balancer_frontend_ip_configuration_id": "",
                "name": "internal",
                "primary": true,
                "private_ip_address": "10.0.2.4",
                "private_ip_address_allocation": "Dynamic",
                "private_ip_address_version": "IPv4",
                "public_ip_address_id": "",
                "subnet_id": "/subscriptions/b164bfba-98c3-4c94-82ee-b0c38ff993e6/resourceGroups/Develectric-RG/providers/Microsoft.Network/virtualNetworks/Develectric-VNet/subnets/Develectric-backendsubnet"
              }
            ],
            "ip_forwarding_enabled": false,
            "location": "westus2",
            "mac_address": "",
            "name": "Develectric-NIC2",
            "private_ip_address": "10.0.2.4",
            "private_ip_addresses": [
              "10.0.2.4"
            ],
            "resource_group_name": "Develectric-RG",
            "tags": null,
            "timeouts": null,
            "virtual_machine_id": ""
          },
          "sensitive_attributes": [],
          "private": "eyJlMmJmYjczMC1lY2FhLTExZTYtOGY4OC0zNDM2M2JjN2M0YzAiOnsiY3JlYXRlIjoxODAwMDAwMDAwMDAwLCJkZWxldGUiOjE4MDAwMDAwMDAwMDAsInJlYWQiOjMwMDAwMDAwMDAwMCwidXBkYXRlIjoxODAwMDAwMDAwMDAwfX0=",
          "dependencies": [
            "module.Nic-module.data.azurerm_subnet.datasubnet",
            "module.Subnet-module.azurerm_subnet.sub-vm",
            "module.VNet-module.azurerm_virtual_network.vm-Vnet",
            "module.rg-module.azurerm_resource_group.RG-VM"
          ]
        }
      ]
    },
    {
      "module": "module.Subnet-module",
      "mode": "managed",
      "type": "azurerm_subnet",
      "name": "sub-vm",
      "provider": "provider[\"registry.terraform.io/hashicorp/azurerm\"]",
      "instances": [
        {
          "index_key": "VM1",
          "schema_version": 0,
          "attributes": {
            "address_prefixes": [
              "10.0.1.0/24"
            ],
            "default_outbound_access_enabled": true,
            "delegation": [],
            "enforce_private_link_endpoint_network_policies": false,
            "enforce_private_link_service_network_policies": false,
            "id": "/subscriptions/b164bfba-98c3-4c94-82ee-b0c38ff993e6/resourceGroups/Develectric-RG/providers/Microsoft.Network/virtualNetworks/Develectric-VNet/subnets/Develectric-frontsubnet",
            "name": "Develectric-frontsubnet",
            "private_endpoint_network_policies": "Enabled",
            "private_endpoint_network_policies_enabled": true,
            "private_link_service_network_policies_enabled": true,
            "resource_group_name": "Develectric-RG",
            "service_endpoint_policy_ids": null,
            "service_endpoints": null,
            "timeouts": null,
            "virtual_network_name": "Develectric-VNet"
          },
          "sensitive_attributes": [],
          "private": "eyJlMmJmYjczMC1lY2FhLTExZTYtOGY4OC0zNDM2M2JjN2M0YzAiOnsiY3JlYXRlIjoxODAwMDAwMDAwMDAwLCJkZWxldGUiOjE4MDAwMDAwMDAwMDAsInJlYWQiOjMwMDAwMDAwMDAwMCwidXBkYXRlIjoxODAwMDAwMDAwMDAwfX0=",
          "dependencies": [
            "module.VNet-module.azurerm_virtual_network.vm-Vnet",
            "module.rg-module.azurerm_resource_group.RG-VM"
          ]
        },
        {
          "index_key": "VM2",
          "schema_version": 0,
          "attributes": {
            "address_prefixes": [
              "10.0.2.0/24"
            ],
            "default_outbound_access_enabled": true,
            "delegation": [],
            "enforce_private_link_endpoint_network_policies": false,
            "enforce_private_link_service_network_policies": false,
            "id": "/subscriptions/b164bfba-98c3-4c94-82ee-b0c38ff993e6/resourceGroups/Develectric-RG/providers/Microsoft.Network/virtualNetworks/Develectric-VNet/subnets/Develectric-backendsubnet",
            "name": "Develectric-backendsubnet",
            "private_endpoint_network_policies": "Enabled",
            "private_endpoint_network_policies_enabled": true,
            "private_link_service_network_policies_enabled": true,
            "resource_group_name": "Develectric-RG",
            "service_endpoint_policy_ids": null,
            "service_endpoints": null,
            "timeouts": null,
            "virtual_network_name": "Develectric-VNet"
          },
          "sensitive_attributes": [],
          "private": "eyJlMmJmYjczMC1lY2FhLTExZTYtOGY4OC0zNDM2M2JjN2M0YzAiOnsiY3JlYXRlIjoxODAwMDAwMDAwMDAwLCJkZWxldGUiOjE4MDAwMDAwMDAwMDAsInJlYWQiOjMwMDAwMDAwMDAwMCwidXBkYXRlIjoxODAwMDAwMDAwMDAwfX0=",
          "dependencies": [
            "module.VNet-module.azurerm_virtual_network.vm-Vnet",
            "module.rg-module.azurerm_resource_group.RG-VM"
          ]
        }
      ]
    },
    {
      "module": "module.VNet-module",
      "mode": "managed",
      "type": "azurerm_virtual_network",
      "name": "vm-Vnet",
      "provider": "provider[\"registry.terraform.io/hashicorp/azurerm\"]",
      "instances": [
        {
          "index_key": "VM1",
          "schema_version": 0,
          "attributes": {
            "address_space": [
              "10.0.0.0/16"
            ],
            "bgp_community": "",
            "ddos_protection_plan": [],
            "dns_servers": [],
            "edge_zone": "",
            "encryption": [],
            "flow_timeout_in_minutes": 0,
            "guid": "ccd72f1a-006a-4996-83cc-cfbb68b454b0",
            "id": "/subscriptions/b164bfba-98c3-4c94-82ee-b0c38ff993e6/resourceGroups/Develectric-RG/providers/Microsoft.Network/virtualNetworks/Develectric-VNet",
            "location": "westus2",
            "name": "Develectric-VNet",
            "resource_group_name": "Develectric-RG",
            "subnet": [],
            "tags": null,
            "timeouts": null
          },
          "sensitive_attributes": [],
          "private": "eyJlMmJmYjczMC1lY2FhLTExZTYtOGY4OC0zNDM2M2JjN2M0YzAiOnsiY3JlYXRlIjoxODAwMDAwMDAwMDAwLCJkZWxldGUiOjE4MDAwMDAwMDAwMDAsInJlYWQiOjMwMDAwMDAwMDAwMCwidXBkYXRlIjoxODAwMDAwMDAwMDAwfX0=",
          "dependencies": [
            "module.rg-module.azurerm_resource_group.RG-VM"
          ]
        },
        {
          "index_key": "VM2",
          "schema_version": 0,
          "attributes": {
            "address_space": [
              "10.0.0.0/16"
            ],
            "bgp_community": "",
            "ddos_protection_plan": [],
            "dns_servers": [],
            "edge_zone": "",
            "encryption": [],
            "flow_timeout_in_minutes": 0,
            "guid": "ccd72f1a-006a-4996-83cc-cfbb68b454b0",
            "id": "/subscriptions/b164bfba-98c3-4c94-82ee-b0c38ff993e6/resourceGroups/Develectric-RG/providers/Microsoft.Network/virtualNetworks/Develectric-VNet",
            "location": "westus2",
            "name": "Develectric-VNet",
            "resource_group_name": "Develectric-RG",
            "subnet": [],
            "tags": null,
            "timeouts": null
          },
          "sensitive_attributes": [],
          "private": "eyJlMmJmYjczMC1lY2FhLTExZTYtOGY4OC0zNDM2M2JjN2M0YzAiOnsiY3JlYXRlIjoxODAwMDAwMDAwMDAwLCJkZWxldGUiOjE4MDAwMDAwMDAwMDAsInJlYWQiOjMwMDAwMDAwMDAwMCwidXBkYXRlIjoxODAwMDAwMDAwMDAwfX0=",
          "dependencies": [
            "module.rg-module.azurerm_resource_group.RG-VM"
          ]
        }
      ]
    },
    {
      "module": "module.bastion",
      "mode": "managed",
      "type": "azurerm_bastion_host",
      "name": "Bastionhost",
      "provider": "provider[\"registry.terraform.io/hashicorp/azurerm\"]",
      "instances": [
        {
          "index_key": "Bastionhost",
          "schema_version": 0,
          "attributes": {
            "copy_paste_enabled": true,
            "dns_name": "bst-7e15184d-f1e8-4ac8-820b-158399f909a7.bastion.azure.com",
            "file_copy_enabled": false,
            "id": "/subscriptions/b164bfba-98c3-4c94-82ee-b0c38ff993e6/resourceGroups/Develectric-RG/providers/Microsoft.Network/bastionHosts/Bastionhost1",
            "ip_configuration": [
              {
                "name": "configuration",
                "public_ip_address_id": "/subscriptions/b164bfba-98c3-4c94-82ee-b0c38ff993e6/resourceGroups/Develectric-RG/providers/Microsoft.Network/publicIPAddresses/Bastion-PIP",
                "subnet_id": "/subscriptions/b164bfba-98c3-4c94-82ee-b0c38ff993e6/resourceGroups/Develectric-RG/providers/Microsoft.Network/virtualNetworks/Develectric-VNet/subnets/AzureBastionSubnet"
              }
            ],
            "ip_connect_enabled": false,
            "kerberos_enabled": false,
            "location": "westus2",
            "name": "Bastionhost1",
            "resource_group_name": "Develectric-RG",
            "scale_units": 2,
            "shareable_link_enabled": false,
            "sku": "Basic",
            "tags": null,
            "timeouts": null,
            "tunneling_enabled": false,
            "virtual_network_id": ""
          },
          "sensitive_attributes": [],
          "private": "eyJlMmJmYjczMC1lY2FhLTExZTYtOGY4OC0zNDM2M2JjN2M0YzAiOnsiY3JlYXRlIjoxODAwMDAwMDAwMDAwLCJkZWxldGUiOjE4MDAwMDAwMDAwMDAsInJlYWQiOjMwMDAwMDAwMDAwMCwidXBkYXRlIjoxODAwMDAwMDAwMDAwfX0=",
          "dependencies": [
            "module.Key-volt.azurerm_key_vault.keyvolt",
            "module.Key-volt.azurerm_key_vault_secret.key-password",
            "module.Key-volt.azurerm_key_vault_secret.key-user",
            "module.Key-volt.data.azurerm_client_config.current",
            "module.Nic-module.azurerm_network_interface.NIC-VM",
            "module.Nic-module.data.azurerm_subnet.datasubnet",
            "module.Subnet-module.azurerm_subnet.sub-vm",
            "module.VNet-module.azurerm_virtual_network.vm-Vnet",
            "module.bastion.azurerm_public_ip.PIP",
            "module.bastion.azurerm_subnet.bas-subnet",
            "module.rg-module.azurerm_resource_group.RG-VM",
            "module.vm-module.azurerm_linux_virtual_machine.VM",
            "module.vm-module.data.azurerm_key_vault.datavmkeyvolt",
            "module.vm-module.data.azurerm_key_vault_secret.data-key-password",
            "module.vm-module.data.azurerm_key_vault_secret.data-key-user",
            "module.vm-module.data.azurerm_network_interface.datanic"
          ]
        }
      ]
    },
    {
      "module": "module.bastion",
      "mode": "managed",
      "type": "azurerm_public_ip",
      "name": "PIP",
      "provider": "provider[\"registry.terraform.io/hashicorp/azurerm\"]",
      "instances": [
        {
          "index_key": "Bastionhost",
          "schema_version": 0,
          "attributes": {
            "allocation_method": "Static",
            "ddos_protection_mode": "VirtualNetworkInherited",
            "ddos_protection_plan_id": null,
            "domain_name_label": null,
            "edge_zone": "",
            "fqdn": null,
            "id": "/subscriptions/b164bfba-98c3-4c94-82ee-b0c38ff993e6/resourceGroups/Develectric-RG/providers/Microsoft.Network/publicIPAddresses/Bastion-PIP",
            "idle_timeout_in_minutes": 4,
            "ip_address": "40.91.97.110",
            "ip_tags": null,
            "ip_version": "IPv4",
            "location": "westus2",
            "name": "Bastion-PIP",
            "public_ip_prefix_id": null,
            "resource_group_name": "Develectric-RG",
            "reverse_fqdn": null,
            "sku": "Standard",
            "sku_tier": "Regional",
            "tags": null,
            "timeouts": null,
            "zones": null
          },
          "sensitive_attributes": [],
          "private": "eyJlMmJmYjczMC1lY2FhLTExZTYtOGY4OC0zNDM2M2JjN2M0YzAiOnsiY3JlYXRlIjoxODAwMDAwMDAwMDAwLCJkZWxldGUiOjE4MDAwMDAwMDAwMDAsInJlYWQiOjMwMDAwMDAwMDAwMCwidXBkYXRlIjoxODAwMDAwMDAwMDAwfX0=",
          "dependencies": [
            "module.Key-volt.azurerm_key_vault.keyvolt",
            "module.Key-volt.azurerm_key_vault_secret.key-password",
            "module.Key-volt.azurerm_key_vault_secret.key-user",
            "module.Key-volt.data.azurerm_client_config.current",
            "module.Nic-module.azurerm_network_interface.NIC-VM",
            "module.Nic-module.data.azurerm_subnet.datasubnet",
            "module.Subnet-module.azurerm_subnet.sub-vm",
            "module.VNet-module.azurerm_virtual_network.vm-Vnet",
            "module.rg-module.azurerm_resource_group.RG-VM",
            "module.vm-module.azurerm_linux_virtual_machine.VM",
            "module.vm-module.data.azurerm_key_vault.datavmkeyvolt",
            "module.vm-module.data.azurerm_key_vault_secret.data-key-password",
            "module.vm-module.data.azurerm_key_vault_secret.data-key-user",
            "module.vm-module.data.azurerm_network_interface.datanic"
          ]
        }
      ]
    },
    {
      "module": "module.bastion",
      "mode": "managed",
      "type": "azurerm_subnet",
      "name": "bas-subnet",
      "provider": "provider[\"registry.terraform.io/hashicorp/azurerm\"]",
      "instances": [
        {
          "index_key": "Bastionhost",
          "schema_version": 0,
          "attributes": {
            "address_prefixes": [
              "10.0.3.0/24"
            ],
            "default_outbound_access_enabled": true,
            "delegation": [],
            "enforce_private_link_endpoint_network_policies": false,
            "enforce_private_link_service_network_policies": false,
            "id": "/subscriptions/b164bfba-98c3-4c94-82ee-b0c38ff993e6/resourceGroups/Develectric-RG/providers/Microsoft.Network/virtualNetworks/Develectric-VNet/subnets/AzureBastionSubnet",
            "name": "AzureBastionSubnet",
            "private_endpoint_network_policies": "Enabled",
            "private_endpoint_network_policies_enabled": true,
            "private_link_service_network_policies_enabled": true,
            "resource_group_name": "Develectric-RG",
            "service_endpoint_policy_ids": null,
            "service_endpoints": null,
            "timeouts": null,
            "virtual_network_name": "Develectric-VNet"
          },
          "sensitive_attributes": [],
          "private": "eyJlMmJmYjczMC1lY2FhLTExZTYtOGY4OC0zNDM2M2JjN2M0YzAiOnsiY3JlYXRlIjoxODAwMDAwMDAwMDAwLCJkZWxldGUiOjE4MDAwMDAwMDAwMDAsInJlYWQiOjMwMDAwMDAwMDAwMCwidXBkYXRlIjoxODAwMDAwMDAwMDAwfX0=",
          "dependencies": [
            "module.Key-volt.azurerm_key_vault.keyvolt",
            "module.Key-volt.azurerm_key_vault_secret.key-password",
            "module.Key-volt.azurerm_key_vault_secret.key-user",
            "module.Key-volt.data.azurerm_client_config.current",
            "module.Nic-module.azurerm_network_interface.NIC-VM",
            "module.Nic-module.data.azurerm_subnet.datasubnet",
            "module.Subnet-module.azurerm_subnet.sub-vm",
            "module.VNet-module.azurerm_virtual_network.vm-Vnet",
            "module.rg-module.azurerm_resource_group.RG-VM",
            "module.vm-module.azurerm_linux_virtual_machine.VM",
            "module.vm-module.data.azurerm_key_vault.datavmkeyvolt",
            "module.vm-module.data.azurerm_key_vault_secret.data-key-password",
            "module.vm-module.data.azurerm_key_vault_secret.data-key-user",
            "module.vm-module.data.azurerm_network_interface.datanic"
          ]
        }
      ]
    },
    {
      "module": "module.rg-module",
      "mode": "managed",
      "type": "azurerm_resource_group",
      "name": "RG-VM",
      "provider": "provider[\"registry.terraform.io/hashicorp/azurerm\"]",
      "instances": [
        {
          "index_key": "VM1",
          "schema_version": 0,
          "attributes": {
            "id": "/subscriptions/b164bfba-98c3-4c94-82ee-b0c38ff993e6/resourceGroups/Develectric-RG",
            "location": "westus2",
            "managed_by": "",
            "name": "Develectric-RG",
            "tags": null,
            "timeouts": null
          },
          "sensitive_attributes": [],
          "private": "eyJlMmJmYjczMC1lY2FhLTExZTYtOGY4OC0zNDM2M2JjN2M0YzAiOnsiY3JlYXRlIjo1NDAwMDAwMDAwMDAwLCJkZWxldGUiOjU0MDAwMDAwMDAwMDAsInJlYWQiOjMwMDAwMDAwMDAwMCwidXBkYXRlIjo1NDAwMDAwMDAwMDAwfX0="
        },
        {
          "index_key": "VM2",
          "schema_version": 0,
          "attributes": {
            "id": "/subscriptions/b164bfba-98c3-4c94-82ee-b0c38ff993e6/resourceGroups/Develectric-RG",
            "location": "westus2",
            "managed_by": "",
            "name": "Develectric-RG",
            "tags": null,
            "timeouts": null
          },
          "sensitive_attributes": [],
          "private": "eyJlMmJmYjczMC1lY2FhLTExZTYtOGY4OC0zNDM2M2JjN2M0YzAiOnsiY3JlYXRlIjo1NDAwMDAwMDAwMDAwLCJkZWxldGUiOjU0MDAwMDAwMDAwMDAsInJlYWQiOjMwMDAwMDAwMDAwMCwidXBkYXRlIjo1NDAwMDAwMDAwMDAwfX0="
        }
      ]
    },
    {
      "module": "module.vm-module",
      "mode": "data",
      "type": "azurerm_key_vault",
      "name": "datavmkeyvolt",
      "provider": "provider[\"registry.terraform.io/hashicorp/azurerm\"]",
      "instances": [
        {
          "index_key": "VM1",
          "schema_version": 0,
          "attributes": {
            "access_policy": [
              {
                "application_id": "",
                "certificate_permissions": [],
                "key_permissions": [
                  "Get",
                  "List",
                  "Backup",
                  "Create",
                  "Restore",
                  "Update",
                  "Import",
                  "Delete",
                  "Recover",
                  "Purge"
                ],
                "object_id": "e7f4aa97-5a29-4614-ae35-2d2f4e944d44",
                "secret_permissions": [
                  "Get",
                  "List",
                  "Backup",
                  "Restore",
                  "Set",
                  "Delete",
                  "Recover",
                  "Purge"
                ],
                "storage_permissions": [
                  "Get",
                  "List",
                  "Backup",
                  "Restore",
                  "Set",
                  "Delete",
                  "Recover",
                  "Update",
                  "Purge"
                ],
                "tenant_id": "4ff68d65-f091-4ddf-a53d-02af14c98129"
              }
            ],
            "enable_rbac_authorization": false,
            "enabled_for_deployment": false,
            "enabled_for_disk_encryption": true,
            "enabled_for_template_deployment": false,
            "id": "/subscriptions/b164bfba-98c3-4c94-82ee-b0c38ff993e6/resourceGroups/Develectric-RG/providers/Microsoft.KeyVault/vaults/baskeyvoltum",
            "location": "westus2",
            "name": "baskeyvoltum",
            "network_acls": [],
            "public_network_access_enabled": true,
            "purge_protection_enabled": false,
            "resource_group_name": "Develectric-RG",
            "sku_name": "standard",
            "tags": {},
            "tenant_id": "4ff68d65-f091-4ddf-a53d-02af14c98129",
            "timeouts": null,
            "vault_uri": "https://baskeyvoltum.vault.azure.net/"
          },
          "sensitive_attributes": []
        },
        {
          "index_key": "VM2",
          "schema_version": 0,
          "attributes": {
            "access_policy": [
              {
                "application_id": "",
                "certificate_permissions": [],
                "key_permissions": [
                  "Get",
                  "List",
                  "Backup",
                  "Create",
                  "Restore",
                  "Update",
                  "Import",
                  "Delete",
                  "Recover",
                  "Purge"
                ],
                "object_id": "e7f4aa97-5a29-4614-ae35-2d2f4e944d44",
                "secret_permissions": [
                  "Get",
                  "List",
                  "Backup",
                  "Restore",
                  "Set",
                  "Delete",
                  "Recover",
                  "Purge"
                ],
                "storage_permissions": [
                  "Get",
                  "List",
                  "Backup",
                  "Restore",
                  "Set",
                  "Delete",
                  "Recover",
                  "Update",
                  "Purge"
                ],
                "tenant_id": "4ff68d65-f091-4ddf-a53d-02af14c98129"
              }
            ],
            "enable_rbac_authorization": false,
            "enabled_for_deployment": false,
            "enabled_for_disk_encryption": true,
            "enabled_for_template_deployment": false,
            "id": "/subscriptions/b164bfba-98c3-4c94-82ee-b0c38ff993e6/resourceGroups/Develectric-RG/providers/Microsoft.KeyVault/vaults/baskeyvoltum",
            "location": "westus2",
            "name": "baskeyvoltum",
            "network_acls": [],
            "public_network_access_enabled": true,
            "purge_protection_enabled": false,
            "resource_group_name": "Develectric-RG",
            "sku_name": "standard",
            "tags": {},
            "tenant_id": "4ff68d65-f091-4ddf-a53d-02af14c98129",
            "timeouts": null,
            "vault_uri": "https://baskeyvoltum.vault.azure.net/"
          },
          "sensitive_attributes": []
        }
      ]
    },
    {
      "module": "module.vm-module",
      "mode": "data",
      "type": "azurerm_key_vault_secret",
      "name": "data-key-password",
      "provider": "provider[\"registry.terraform.io/hashicorp/azurerm\"]",
      "instances": [
        {
          "index_key": "VM1",
          "schema_version": 0,
          "attributes": {
            "content_type": "",
            "expiration_date": null,
            "id": "https://baskeyvoltum.vault.azure.net/secrets/user-password/b699af61a5514273949fe620df075f62",
            "key_vault_id": "/subscriptions/b164bfba-98c3-4c94-82ee-b0c38ff993e6/resourceGroups/Develectric-RG/providers/Microsoft.KeyVault/vaults/baskeyvoltum",
            "name": "user-password",
            "not_before_date": null,
            "resource_id": "/subscriptions/b164bfba-98c3-4c94-82ee-b0c38ff993e6/resourceGroups/Develectric-RG/providers/Microsoft.KeyVault/vaults/baskeyvoltum/secrets/user-password/versions/b699af61a5514273949fe620df075f62",
            "resource_versionless_id": "/subscriptions/b164bfba-98c3-4c94-82ee-b0c38ff993e6/resourceGroups/Develectric-RG/providers/Microsoft.KeyVault/vaults/baskeyvoltum/secrets/user-password",
            "tags": {},
            "timeouts": null,
            "value": "Az@12345",
            "version": "b699af61a5514273949fe620df075f62",
            "versionless_id": "https://baskeyvoltum.vault.azure.net/secrets/user-password"
          },
          "sensitive_attributes": [
            [
              {
                "type": "get_attr",
                "value": "value"
              }
            ]
          ]
        },
        {
          "index_key": "VM2",
          "schema_version": 0,
          "attributes": {
            "content_type": "",
            "expiration_date": null,
            "id": "https://baskeyvoltum.vault.azure.net/secrets/user-password/b699af61a5514273949fe620df075f62",
            "key_vault_id": "/subscriptions/b164bfba-98c3-4c94-82ee-b0c38ff993e6/resourceGroups/Develectric-RG/providers/Microsoft.KeyVault/vaults/baskeyvoltum",
            "name": "user-password",
            "not_before_date": null,
            "resource_id": "/subscriptions/b164bfba-98c3-4c94-82ee-b0c38ff993e6/resourceGroups/Develectric-RG/providers/Microsoft.KeyVault/vaults/baskeyvoltum/secrets/user-password/versions/b699af61a5514273949fe620df075f62",
            "resource_versionless_id": "/subscriptions/b164bfba-98c3-4c94-82ee-b0c38ff993e6/resourceGroups/Develectric-RG/providers/Microsoft.KeyVault/vaults/baskeyvoltum/secrets/user-password",
            "tags": {},
            "timeouts": null,
            "value": "Az@12345",
            "version": "b699af61a5514273949fe620df075f62",
            "versionless_id": "https://baskeyvoltum.vault.azure.net/secrets/user-password"
          },
          "sensitive_attributes": [
            [
              {
                "type": "get_attr",
                "value": "value"
              }
            ]
          ]
        }
      ]
    },
    {
      "module": "module.vm-module",
      "mode": "data",
      "type": "azurerm_key_vault_secret",
      "name": "data-key-user",
      "provider": "provider[\"registry.terraform.io/hashicorp/azurerm\"]",
      "instances": [
        {
          "index_key": "VM1",
          "schema_version": 0,
          "attributes": {
            "content_type": "",
            "expiration_date": null,
            "id": "https://baskeyvoltum.vault.azure.net/secrets/uservm1/79479d90fc9b4943b60628f0d7ac8d99",
            "key_vault_id": "/subscriptions/b164bfba-98c3-4c94-82ee-b0c38ff993e6/resourceGroups/Develectric-RG/providers/Microsoft.KeyVault/vaults/baskeyvoltum",
            "name": "uservm1",
            "not_before_date": null,
            "resource_id": "/subscriptions/b164bfba-98c3-4c94-82ee-b0c38ff993e6/resourceGroups/Develectric-RG/providers/Microsoft.KeyVault/vaults/baskeyvoltum/secrets/uservm1/versions/79479d90fc9b4943b60628f0d7ac8d99",
            "resource_versionless_id": "/subscriptions/b164bfba-98c3-4c94-82ee-b0c38ff993e6/resourceGroups/Develectric-RG/providers/Microsoft.KeyVault/vaults/baskeyvoltum/secrets/uservm1",
            "tags": {},
            "timeouts": null,
            "value": "azvmuserv1",
            "version": "79479d90fc9b4943b60628f0d7ac8d99",
            "versionless_id": "https://baskeyvoltum.vault.azure.net/secrets/uservm1"
          },
          "sensitive_attributes": [
            [
              {
                "type": "get_attr",
                "value": "value"
              }
            ]
          ]
        },
        {
          "index_key": "VM2",
          "schema_version": 0,
          "attributes": {
            "content_type": "",
            "expiration_date": null,
            "id": "https://baskeyvoltum.vault.azure.net/secrets/uservm1/79479d90fc9b4943b60628f0d7ac8d99",
            "key_vault_id": "/subscriptions/b164bfba-98c3-4c94-82ee-b0c38ff993e6/resourceGroups/Develectric-RG/providers/Microsoft.KeyVault/vaults/baskeyvoltum",
            "name": "uservm1",
            "not_before_date": null,
            "resource_id": "/subscriptions/b164bfba-98c3-4c94-82ee-b0c38ff993e6/resourceGroups/Develectric-RG/providers/Microsoft.KeyVault/vaults/baskeyvoltum/secrets/uservm1/versions/79479d90fc9b4943b60628f0d7ac8d99",
            "resource_versionless_id": "/subscriptions/b164bfba-98c3-4c94-82ee-b0c38ff993e6/resourceGroups/Develectric-RG/providers/Microsoft.KeyVault/vaults/baskeyvoltum/secrets/uservm1",
            "tags": {},
            "timeouts": null,
            "value": "azvmuserv1",
            "version": "79479d90fc9b4943b60628f0d7ac8d99",
            "versionless_id": "https://baskeyvoltum.vault.azure.net/secrets/uservm1"
          },
          "sensitive_attributes": [
            [
              {
                "type": "get_attr",
                "value": "value"
              }
            ]
          ]
        }
      ]
    },
    {
      "module": "module.vm-module",
      "mode": "data",
      "type": "azurerm_network_interface",
      "name": "datanic",
      "provider": "provider[\"registry.terraform.io/hashicorp/azurerm\"]",
      "instances": [
        {
          "index_key": "VM1",
          "schema_version": 0,
          "attributes": {
            "accelerated_networking_enabled": false,
            "applied_dns_servers": [],
            "dns_servers": [],
            "enable_accelerated_networking": false,
            "enable_ip_forwarding": false,
            "id": "/subscriptions/b164bfba-98c3-4c94-82ee-b0c38ff993e6/resourceGroups/Develectric-RG/providers/Microsoft.Network/networkInterfaces/Develectric-NIC1",
            "internal_dns_name_label": "",
            "ip_configuration": [
              {
                "application_gateway_backend_address_pools_ids": [],
                "application_security_group_ids": [],
                "gateway_load_balancer_frontend_ip_configuration_id": "",
                "load_balancer_backend_address_pools_ids": [],
                "load_balancer_inbound_nat_rules_ids": [],
                "name": "internal",
                "primary": true,
                "private_ip_address": "10.0.1.4",
                "private_ip_address_allocation": "Dynamic",
                "private_ip_address_version": "IPv4",
                "public_ip_address_id": "",
                "subnet_id": "/subscriptions/b164bfba-98c3-4c94-82ee-b0c38ff993e6/resourceGroups/Develectric-RG/providers/Microsoft.Network/virtualNetworks/Develectric-VNet/subnets/Develectric-frontsubnet"
              }
            ],
            "ip_forwarding_enabled": false,
            "location": "westus2",
            "mac_address": "",
            "name": "Develectric-NIC1",
            "network_security_group_id": "",
            "private_ip_address": "10.0.1.4",
            "private_ip_addresses": [
              "10.0.1.4"
            ],
            "resource_group_name": "Develectric-RG",
            "tags": {},
            "timeouts": null,
            "virtual_machine_id": ""
          },
          "sensitive_attributes": []
        },
        {
          "index_key": "VM2",
          "schema_version": 0,
          "attributes": {
            "accelerated_networking_enabled": false,
            "applied_dns_servers": [],
            "dns_servers": [],
            "enable_accelerated_networking": false,
            "enable_ip_forwarding": false,
            "id": "/subscriptions/b164bfba-98c3-4c94-82ee-b0c38ff993e6/resourceGroups/Develectric-RG/providers/Microsoft.Network/networkInterfaces/Develectric-NIC2",
            "internal_dns_name_label": "",
            "ip_configuration": [
              {
                "application_gateway_backend_address_pools_ids": [],
                "application_security_group_ids": [],
                "gateway_load_balancer_frontend_ip_configuration_id": "",
                "load_balancer_backend_address_pools_ids": [],
                "load_balancer_inbound_nat_rules_ids": [],
                "name": "internal",
                "primary": true,
                "private_ip_address": "10.0.2.4",
                "private_ip_address_allocation": "Dynamic",
                "private_ip_address_version": "IPv4",
                "public_ip_address_id": "",
                "subnet_id": "/subscriptions/b164bfba-98c3-4c94-82ee-b0c38ff993e6/resourceGroups/Develectric-RG/providers/Microsoft.Network/virtualNetworks/Develectric-VNet/subnets/Develectric-backendsubnet"
              }
            ],
            "ip_forwarding_enabled": false,
            "location": "westus2",
            "mac_address": "",
            "name": "Develectric-NIC2",
            "network_security_group_id": "",
            "private_ip_address": "10.0.2.4",
            "private_ip_addresses": [
              "10.0.2.4"
            ],
            "resource_group_name": "Develectric-RG",
            "tags": {},
            "timeouts": null,
            "virtual_machine_id": ""
          },
          "sensitive_attributes": []
        }
      ]
    },
    {
      "module": "module.vm-module",
      "mode": "managed",
      "type": "azurerm_linux_virtual_machine",
      "name": "VM",
      "provider": "provider[\"registry.terraform.io/hashicorp/azurerm\"]",
      "instances": [
        {
          "index_key": "VM1",
          "schema_version": 0,
          "attributes": {
            "additional_capabilities": [],
            "admin_password": "Az@12345",
            "admin_ssh_key": [],
            "admin_username": "azvmuserv1",
            "allow_extension_operations": true,
            "availability_set_id": "",
            "boot_diagnostics": [],
            "bypass_platform_safety_checks_on_user_schedule_enabled": false,
            "capacity_reservation_group_id": "",
            "computer_name": "Develectric-VM1",
            "custom_data": null,
            "dedicated_host_group_id": "",
            "dedicated_host_id": "",
            "disable_password_authentication": false,
            "disk_controller_type": "",
            "edge_zone": "",
            "encryption_at_host_enabled": false,
            "eviction_policy": "",
            "extensions_time_budget": "PT1H30M",
            "gallery_application": [],
            "id": "/subscriptions/b164bfba-98c3-4c94-82ee-b0c38ff993e6/resourceGroups/Develectric-RG/providers/Microsoft.Compute/virtualMachines/Develectric-VM1",
            "identity": [],
            "license_type": "",
            "location": "westus2",
            "max_bid_price": -1,
            "name": "Develectric-VM1",
            "network_interface_ids": [
              "/subscriptions/b164bfba-98c3-4c94-82ee-b0c38ff993e6/resourceGroups/Develectric-RG/providers/Microsoft.Network/networkInterfaces/Develectric-NIC1"
            ],
            "os_disk": [
              {
                "caching": "ReadWrite",
                "diff_disk_settings": [],
                "disk_encryption_set_id": "",
                "disk_size_gb": 30,
                "name": "Develectric-VM1_OsDisk_1_0b5c702e432f4583a1df3b3091d5da88",
                "secure_vm_disk_encryption_set_id": "",
                "security_encryption_type": "",
                "storage_account_type": "Standard_LRS",
                "write_accelerator_enabled": false
              }
            ],
            "os_image_notification": [],
            "patch_assessment_mode": "ImageDefault",
            "patch_mode": "ImageDefault",
            "plan": [],
            "platform_fault_domain": -1,
            "priority": "Regular",
            "private_ip_address": "10.0.1.4",
            "private_ip_addresses": [
              "10.0.1.4"
            ],
            "provision_vm_agent": true,
            "proximity_placement_group_id": "",
            "public_ip_address": "",
            "public_ip_addresses": [],
            "reboot_setting": "",
            "resource_group_name": "Develectric-RG",
            "secret": [],
            "secure_boot_enabled": false,
            "size": "Standard_F2",
            "source_image_id": "",
            "source_image_reference": [
              {
                "offer": "0001-com-ubuntu-server-jammy",
                "publisher": "Canonical",
                "sku": "22_04-lts",
                "version": "latest"
              }
            ],
            "tags": null,
            "termination_notification": null,
            "timeouts": null,
            "user_data": "",
            "virtual_machine_id": "190aeac2-447d-4a3b-80d5-8898c8074ba9",
            "virtual_machine_scale_set_id": "",
            "vm_agent_platform_updates_enabled": false,
            "vtpm_enabled": false,
            "zone": ""
          },
          "sensitive_attributes": [
            [
              {
                "type": "get_attr",
                "value": "admin_password"
              }
            ],
            [
              {
                "type": "get_attr",
                "value": "custom_data"
              }
            ],
            [
              {
                "type": "get_attr",
                "value": "admin_username"
              }
            ]
          ],
          "private": "eyJlMmJmYjczMC1lY2FhLTExZTYtOGY4OC0zNDM2M2JjN2M0YzAiOnsiY3JlYXRlIjoyNzAwMDAwMDAwMDAwLCJkZWxldGUiOjI3MDAwMDAwMDAwMDAsInJlYWQiOjMwMDAwMDAwMDAwMCwidXBkYXRlIjoyNzAwMDAwMDAwMDAwfX0=",
          "dependencies": [
            "module.Key-volt.azurerm_key_vault.keyvolt",
            "module.Key-volt.azurerm_key_vault_secret.key-password",
            "module.Key-volt.azurerm_key_vault_secret.key-user",
            "module.Key-volt.data.azurerm_client_config.current",
            "module.Nic-module.azurerm_network_interface.NIC-VM",
            "module.Nic-module.data.azurerm_subnet.datasubnet",
            "module.Subnet-module.azurerm_subnet.sub-vm",
            "module.VNet-module.azurerm_virtual_network.vm-Vnet",
            "module.rg-module.azurerm_resource_group.RG-VM",
            "module.vm-module.data.azurerm_key_vault.datavmkeyvolt",
            "module.vm-module.data.azurerm_key_vault_secret.data-key-password",
            "module.vm-module.data.azurerm_key_vault_secret.data-key-user",
            "module.vm-module.data.azurerm_network_interface.datanic"
          ]
        },
        {
          "index_key": "VM2",
          "schema_version": 0,
          "attributes": {
            "additional_capabilities": [],
            "admin_password": "Az@12345",
            "admin_ssh_key": [],
            "admin_username": "azvmuserv1",
            "allow_extension_operations": true,
            "availability_set_id": "",
            "boot_diagnostics": [],
            "bypass_platform_safety_checks_on_user_schedule_enabled": false,
            "capacity_reservation_group_id": "",
            "computer_name": "Develectric-VM2",
            "custom_data": null,
            "dedicated_host_group_id": "",
            "dedicated_host_id": "",
            "disable_password_authentication": false,
            "disk_controller_type": "",
            "edge_zone": "",
            "encryption_at_host_enabled": false,
            "eviction_policy": "",
            "extensions_time_budget": "PT1H30M",
            "gallery_application": [],
            "id": "/subscriptions/b164bfba-98c3-4c94-82ee-b0c38ff993e6/resourceGroups/Develectric-RG/providers/Microsoft.Compute/virtualMachines/Develectric-VM2",
            "identity": [],
            "license_type": "",
            "location": "westus2",
            "max_bid_price": -1,
            "name": "Develectric-VM2",
            "network_interface_ids": [
              "/subscriptions/b164bfba-98c3-4c94-82ee-b0c38ff993e6/resourceGroups/Develectric-RG/providers/Microsoft.Network/networkInterfaces/Develectric-NIC2"
            ],
            "os_disk": [
              {
                "caching": "ReadWrite",
                "diff_disk_settings": [],
                "disk_encryption_set_id": "",
                "disk_size_gb": 30,
                "name": "Develectric-VM2_OsDisk_1_08d3401c03af43188e623d9aeab34106",
                "secure_vm_disk_encryption_set_id": "",
                "security_encryption_type": "",
                "storage_account_type": "Standard_LRS",
                "write_accelerator_enabled": false
              }
            ],
            "os_image_notification": [],
            "patch_assessment_mode": "ImageDefault",
            "patch_mode": "ImageDefault",
            "plan": [],
            "platform_fault_domain": -1,
            "priority": "Regular",
            "private_ip_address": "10.0.2.4",
            "private_ip_addresses": [
              "10.0.2.4"
            ],
            "provision_vm_agent": true,
            "proximity_placement_group_id": "",
            "public_ip_address": "",
            "public_ip_addresses": [],
            "reboot_setting": "",
            "resource_group_name": "Develectric-RG",
            "secret": [],
            "secure_boot_enabled": false,
            "size": "Standard_F2",
            "source_image_id": "",
            "source_image_reference": [
              {
                "offer": "0001-com-ubuntu-server-jammy",
                "publisher": "Canonical",
                "sku": "22_04-lts",
                "version": "latest"
              }
            ],
            "tags": null,
            "termination_notification": null,
            "timeouts": null,
            "user_data": "",
            "virtual_machine_id": "b0564fcc-98e2-47c6-bacf-2092405abc9f",
            "virtual_machine_scale_set_id": "",
            "vm_agent_platform_updates_enabled": false,
            "vtpm_enabled": false,
            "zone": ""
          },
          "sensitive_attributes": [
            [
              {
                "type": "get_attr",
                "value": "admin_username"
              }
            ],
            [
              {
                "type": "get_attr",
                "value": "admin_password"
              }
            ],
            [
              {
                "type": "get_attr",
                "value": "custom_data"
              }
            ]
          ],
          "private": "eyJlMmJmYjczMC1lY2FhLTExZTYtOGY4OC0zNDM2M2JjN2M0YzAiOnsiY3JlYXRlIjoyNzAwMDAwMDAwMDAwLCJkZWxldGUiOjI3MDAwMDAwMDAwMDAsInJlYWQiOjMwMDAwMDAwMDAwMCwidXBkYXRlIjoyNzAwMDAwMDAwMDAwfX0=",
          "dependencies": [
            "module.Key-volt.azurerm_key_vault.keyvolt",
            "module.Key-volt.azurerm_key_vault_secret.key-password",
            "module.Key-volt.azurerm_key_vault_secret.key-user",
            "module.Key-volt.data.azurerm_client_config.current",
            "module.Nic-module.azurerm_network_interface.NIC-VM",
            "module.Nic-module.data.azurerm_subnet.datasubnet",
            "module.Subnet-module.azurerm_subnet.sub-vm",
            "module.VNet-module.azurerm_virtual_network.vm-Vnet",
            "module.rg-module.azurerm_resource_group.RG-VM",
            "module.vm-module.data.azurerm_key_vault.datavmkeyvolt",
            "module.vm-module.data.azurerm_key_vault_secret.data-key-password",
            "module.vm-module.data.azurerm_key_vault_secret.data-key-user",
            "module.vm-module.data.azurerm_network_interface.datanic"
          ]
        }
      ]
    }
  ],
  "check_results": null
}
